
Microsoft Visual Studio Solution File, Format Version 12.00
# Visual Studio Version 16
VisualStudioVersion = 16.0.29519.87
MinimumVisualStudioVersion = 10.0.40219.1
Project("{FAE04EC0-301F-11D3-BF4B-00C04F79EFBC}") = "funda", "funda.csproj", "{BDEDC13C-3692-4E16-BA84-A68158AD78F9}"
EndProject
Global
	GlobalSection(SolutionConfigurationPlatforms) = preSolution
		Debug|Any CPU = Debug|Any CPU
		Debug|ARM = Debug|ARM
		Debug|ARM64 = Debug|ARM64
		Debug|x64 = Debug|x64
		Debug|x86 = Debug|x86
		Release|Any CPU = Release|Any CPU
		Release|ARM = Release|ARM
		Release|ARM64 = Release|ARM64
		Release|x64 = Release|x64
		Release|x86 = Release|x86
	EndGlobalSection
	GlobalSection(ProjectConfigurationPlatforms) = postSolution
		{BDEDC13C-3692-4E16-BA84-A68158AD78F9}.Debug|Any CPU.ActiveCfg = Debug|Any CPU
		{BDEDC13C-3692-4E16-BA84-A68158AD78F9}.Debug|Any CPU.Build.0 = Debug|Any CPU
		{BDEDC13C-3692-4E16-BA84-A68158AD78F9}.Debug|ARM.ActiveCfg = Debug|Any CPU
		{BDEDC13C-3692-4E16-BA84-A68158AD78F9}.Debug|ARM.Build.0 = Debug|Any CPU
		{BDEDC13C-3692-4E16-BA84-A68158AD78F9}.Debug|ARM64.ActiveCfg = Debug|Any CPU
		{BDEDC13C-3692-4E16-BA84-A68158AD78F9}.Debug|ARM64.Build.0 = Debug|Any CPU
		{BDEDC13C-3692-4E16-BA84-A68158AD78F9}.Debug|x64.ActiveCfg = Debug|Any CPU
		{BDEDC13C-3692-4E16-BA84-A68158AD78F9}.Debug|x64.Build.0 = Debug|Any CPU
		{BDEDC13C-3692-4E16-BA84-A68158AD78F9}.Debug|x86.ActiveCfg = Debug|Any CPU
		{BDEDC13C-3692-4E16-BA84-A68158AD78F9}.Debug|x86.Build.0 = Debug|Any CPU
		{BDEDC13C-3692-4E16-BA84-A68158AD78F9}.Release|Any CPU.ActiveCfg = Release|Any CPU
		{BDEDC13C-3692-4E16-BA84-A68158AD78F9}.Release|Any CPU.Build.0 = Release|Any CPU
		{BDEDC13C-3692-4E16-BA84-A68158AD78F9}.Release|ARM.ActiveCfg = Release|Any CPU
		{BDEDC13C-3692-4E16-BA84-A68158AD78F9}.Release|ARM.Build.0 = Release|Any CPU
		{BDEDC13C-3692-4E16-BA84-A68158AD78F9}.Release|ARM64.ActiveCfg = Release|Any CPU
		{BDEDC13C-3692-4E16-BA84-A68158AD78F9}.Release|ARM64.Build.0 = Release|Any CPU
		{BDEDC13C-3692-4E16-BA84-A68158AD78F9}.Release|x64.ActiveCfg = Release|Any CPU
		{BDEDC13C-3692-4E16-BA84-A68158AD78F9}.Release|x64.Build.0 = Release|Any CPU
		{BDEDC13C-3692-4E16-BA84-A68158AD78F9}.Release|x86.ActiveCfg = Release|Any CPU
		{BDEDC13C-3692-4E16-BA84-A68158AD78F9}.Release|x86.Build.0 = Release|Any CPU
	EndGlobalSection
	GlobalSection(SolutionProperties) = preSolution
		HideSolutionNode = FALSE
	EndGlobalSection
	GlobalSection(ExtensibilityGlobals) = postSolution
		SolutionGuid = {E820F0CA-3675-4408-A9D6-BC22F4D79811}
	EndGlobalSection
EndGlobal
